PODS:
  - Alamofire (4.8.2)
  - SDWebImage (5.10.4):
    - SDWebImage/Core (= 5.10.4)
  - SDWebImage/Core (5.10.4)

DEPENDENCIES:
  - Alamofire (~> 4.8.2)
  - SDWebImage

SPEC REPOS:
  trunk:
    - Alamofire
    - SDWebImage

SPEC CHECKSUMS:
  Alamofire: ae5c501addb7afdbb13687d7f2f722c78734c2d3
  SDWebImage: c666b97e1fa9c64b4909816a903322018f0a9c84

PODFILE CHECKSUM: eac92b99d44f21d68689722e3fa8fb9575f64dfb

COCOAPODS: 1.10.1
